
Microsoft Visual Studio Solution File, Format Version 12.00
# Visual Studio 14
VisualStudioVersion = 14.0.25420.1
MinimumVisualStudioVersion = 10.0.40219.1
Project("{8BC9CEB8-8B4A-11D0-8D11-00A0C91BC942}") = "GxNetwork", "GxNetwork\GxNetwork.vcxproj", "{F07B1566-C838-4BC7-A156-25BBF7970531}"
EndProject
Project("{8BC9CEB8-8B4A-11D0-8D11-00A0C91BC942}") = "GxNetworkClasses", "GxNetworkClasses\GxNetworkClasses.vcxproj", "{5BC5BA25-149D-4D18-B85D-CA59D3BDBC14}"
	ProjectSection(ProjectDependencies) = postProject
		{F07B1566-C838-4BC7-A156-25BBF7970531} = {F07B1566-C838-4BC7-A156-25BBF7970531}
	EndProjectSection
EndProject
Global
	GlobalSection(SolutionConfigurationPlatforms) = preSolution
		Debug|x64 = Debug|x64
		Debug|x86 = Debug|x86
		Release|x64 = Release|x64
		Release|x86 = Release|x86
	EndGlobalSection
	GlobalSection(ProjectConfigurationPlatforms) = postSolution
		{F07B1566-C838-4BC7-A156-25BBF7970531}.Debug|x64.ActiveCfg = Debug|x64
		{F07B1566-C838-4BC7-A156-25BBF7970531}.Debug|x64.Build.0 = Debug|x64
		{F07B1566-C838-4BC7-A156-25BBF7970531}.Debug|x86.ActiveCfg = Debug|Win32
		{F07B1566-C838-4BC7-A156-25BBF7970531}.Debug|x86.Build.0 = Debug|Win32
		{F07B1566-C838-4BC7-A156-25BBF7970531}.Release|x64.ActiveCfg = Release|x64
		{F07B1566-C838-4BC7-A156-25BBF7970531}.Release|x64.Build.0 = Release|x64
		{F07B1566-C838-4BC7-A156-25BBF7970531}.Release|x86.ActiveCfg = Release|Win32
		{F07B1566-C838-4BC7-A156-25BBF7970531}.Release|x86.Build.0 = Release|Win32
		{5BC5BA25-149D-4D18-B85D-CA59D3BDBC14}.Debug|x64.ActiveCfg = Debug|x64
		{5BC5BA25-149D-4D18-B85D-CA59D3BDBC14}.Debug|x64.Build.0 = Debug|x64
		{5BC5BA25-149D-4D18-B85D-CA59D3BDBC14}.Debug|x86.ActiveCfg = Debug|Win32
		{5BC5BA25-149D-4D18-B85D-CA59D3BDBC14}.Debug|x86.Build.0 = Debug|Win32
		{5BC5BA25-149D-4D18-B85D-CA59D3BDBC14}.Release|x64.ActiveCfg = Release|x64
		{5BC5BA25-149D-4D18-B85D-CA59D3BDBC14}.Release|x64.Build.0 = Release|x64
		{5BC5BA25-149D-4D18-B85D-CA59D3BDBC14}.Release|x86.ActiveCfg = Release|Win32
		{5BC5BA25-149D-4D18-B85D-CA59D3BDBC14}.Release|x86.Build.0 = Release|Win32
	EndGlobalSection
	GlobalSection(SolutionProperties) = preSolution
		HideSolutionNode = FALSE
	EndGlobalSection
EndGlobal
